// !$*UTF8*$!
{
	archiveVersion = 1;
	classes = {
	};
	objectVersion = 46;
	objects = {

/* Begin PBXBuildFile section */
		C44148841560390E00335AE4 /* NSString+Additions.m in Sources */ = {isa = PBXBuildFile; fileRef = C44148831560390E00335AE4 /* NSString+Additions.m */; };
		C4C81D1F155B938E000BAFDA /* Foundation.framework in Frameworks */ = {isa = PBXBuildFile; fileRef = C4C81D1E155B938E000BAFDA /* Foundation.framework */; };
		C4C81D2D155B93A8000BAFDA /* main.m in Sources */ = {isa = PBXBuildFile; fileRef = C4C81D2C155B93A8000BAFDA /* main.m */; };
		C4C81D30155B93B6000BAFDA /* MainApp.m in Sources */ = {isa = PBXBuildFile; fileRef = C4C81D2F155B93B6000BAFDA /* MainApp.m */; };
/* End PBXBuildFile section */

/* Begin PBXCopyFilesBuildPhase section */
		C4C81D18155B938E000BAFDA /* CopyFiles */ = {
			isa = PBXCopyFilesBuildPhase;
			buildActionMask = 2147483647;
			dstPath = /usr/share/man/man1/;
			dstSubfolderSpec = 0;
			files = (
			);
			runOnlyForDeploymentPostprocessing = 1;
		};
/* End PBXCopyFilesBuildPhase section */

/* Begin PBXFileReference section */
		C44148821560390E00335AE4 /* NSString+Additions.h */ = {isa = PBXFileReference; fileEncoding = 4; lastKnownFileType = sourcecode.c.h; path = "NSString+Additions.h"; sourceTree = "<group>"; };
		C44148831560390E00335AE4 /* NSString+Additions.m */ = {isa = PBXFileReference; fileEncoding = 4; lastKnownFileType = sourcecode.c.objc; path = "NSString+Additions.m"; sourceTree = "<group>"; };
		C4C81D1A155B938E000BAFDA /* Debugger */ = {isa = PBXFileReference; explicitFileType = "compiled.mach-o.executable"; includeInIndex = 0; path = Debugger; sourceTree = BUILT_PRODUCTS_DIR; };
		C4C81D1E155B938E000BAFDA /* Foundation.framework */ = {isa = PBXFileReference; lastKnownFileType = wrapper.framework; name = Foundation.framework; path = System/Library/Frameworks/Foundation.framework; sourceTree = SDKROOT; };
		C4C81D24155B938E000BAFDA /* Debugger-Prefix.pch */ = {isa = PBXFileReference; lastKnownFileType = sourcecode.c.h; path = "Debugger-Prefix.pch"; sourceTree = "<group>"; };
		C4C81D2C155B93A8000BAFDA /* main.m */ = {isa = PBXFileReference; fileEncoding = 4; lastKnownFileType = sourcecode.c.objc; path = main.m; sourceTree = "<group>"; };
		C4C81D2E155B93B6000BAFDA /* MainApp.h */ = {isa = PBXFileReference; fileEncoding = 4; lastKnownFileType = sourcecode.c.h; path = MainApp.h; sourceTree = "<group>"; };
		C4C81D2F155B93B6000BAFDA /* MainApp.m */ = {isa = PBXFileReference; fileEncoding = 4; lastKnownFileType = sourcecode.c.objc; path = MainApp.m; sourceTree = "<group>"; };
/* End PBXFileReference section */

/* Begin PBXFrameworksBuildPhase section */
		C4C81D17155B938E000BAFDA /* Frameworks */ = {
			isa = PBXFrameworksBuildPhase;
			buildActionMask = 2147483647;
			files = (
				C4C81D1F155B938E000BAFDA /* Foundation.framework in Frameworks */,
			);
			runOnlyForDeploymentPostprocessing = 0;
		};
/* End PBXFrameworksBuildPhase section */

/* Begin PBXGroup section */
		C4C81D0F155B938E000BAFDA = {
			isa = PBXGroup;
			children = (
				C4C81D20155B938E000BAFDA /* Debugger */,
				C4C81D1D155B938E000BAFDA /* Frameworks */,
				C4C81D1B155B938E000BAFDA /* Products */,
			);
			sourceTree = "<group>";
		};
		C4C81D1B155B938E000BAFDA /* Products */ = {
			isa = PBXGroup;
			children = (
				C4C81D1A155B938E000BAFDA /* Debugger */,
			);
			name = Products;
			sourceTree = "<group>";
		};
		C4C81D1D155B938E000BAFDA /* Frameworks */ = {
			isa = PBXGroup;
			children = (
				C4C81D1E155B938E000BAFDA /* Foundation.framework */,
			);
			name = Frameworks;
			sourceTree = "<group>";
		};
		C4C81D20155B938E000BAFDA /* Debugger */ = {
			isa = PBXGroup;
			children = (
				C44148821560390E00335AE4 /* NSString+Additions.h */,
				C44148831560390E00335AE4 /* NSString+Additions.m */,
				C4C81D2F155B93B6000BAFDA /* MainApp.m */,
				C4C81D23155B938E000BAFDA /* Supporting Files */,
			);
			path = Debugger;
			sourceTree = "<group>";
		};
		C4C81D23155B938E000BAFDA /* Supporting Files */ = {
			isa = PBXGroup;
			children = (
				C4C81D2E155B93B6000BAFDA /* MainApp.h */,
				C4C81D2C155B93A8000BAFDA /* main.m */,
				C4C81D24155B938E000BAFDA /* Debugger-Prefix.pch */,
			);
			name = "Supporting Files";
			sourceTree = "<group>";
		};
/* End PBXGroup section */

/* Begin PBXNativeTarget section */
		C4C81D19155B938E000BAFDA /* Debugger */ = {
			isa = PBXNativeTarget;
			buildConfigurationList = C4C81D29155B938E000BAFDA /* Build configuration list for PBXNativeTarget "Debugger" */;
			buildPhases = (
				C4C81D16155B938E000BAFDA /* Sources */,
				C4C81D17155B938E000BAFDA /* Frameworks */,
				C4C81D18155B938E000BAFDA /* CopyFiles */,
			);
			buildRules = (
			);
			dependencies = (
			);
			name = Debugger;
			productName = String;
			productReference = C4C81D1A155B938E000BAFDA /* Debugger */;
			productType = "com.apple.product-type.tool";
		};
/* End PBXNativeTarget section */

/* Begin PBXProject section */
		C4C81D11155B938E000BAFDA /* Project object */ = {
			isa = PBXProject;
			attributes = {
				LastUpgradeCheck = 0430;
				ORGANIZATIONNAME = "TapHarmonic, LLC";
			};
			buildConfigurationList = C4C81D14155B938E000BAFDA /* Build configuration list for PBXProject "Debugger" */;
			compatibilityVersion = "Xcode 3.2";
			developmentRegion = English;
			hasScannedForEncodings = 0;
			knownRegions = (
				en,
			);
			mainGroup = C4C81D0F155B938E000BAFDA;
			productRefGroup = C4C81D1B155B938E000BAFDA /* Products */;
			projectDirPath = "";
			projectRoot = "";
			targets = (
				C4C81D19155B938E000BAFDA /* Debugger */,
			);
		};
/* End PBXProject section */

/* Begin PBXSourcesBuildPhase section */
		C4C81D16155B938E000BAFDA /* Sources */ = {
			isa = PBXSourcesBuildPhase;
			buildActionMask = 2147483647;
			files = (
				C4C81D2D155B93A8000BAFDA /* main.m in Sources */,
				C4C81D30155B93B6000BAFDA /* MainApp.m in Sources */,
				C44148841560390E00335AE4 /* NSString+Additions.m in Sources */,
			);
			runOnlyForDeploymentPostprocessing = 0;
		};
/* End PBXSourcesBuildPhase section */

/* Begin XCBuildConfiguration section */
		C4C81D27155B938E000BAFDA /* Debug */ = {
			isa = XCBuildConfiguration;
			buildSettings = {
				ALWAYS_SEARCH_USER_PATHS = NO;
				ARCHS = "$(ARCHS_STANDARD_64_BIT)";
				CLANG_ENABLE_OBJC_ARC = YES;
				COPY_PHASE_STRIP = NO;
				GCC_C_LANGUAGE_STANDARD = gnu99;
				GCC_DYNAMIC_NO_PIC = NO;
				GCC_ENABLE_OBJC_EXCEPTIONS = YES;
				GCC_OPTIMIZATION_LEVEL = 0;
				GCC_PREPROCESSOR_DEFINITIONS = (
					"DEBUG=1",
					"$(inherited)",
				);
				GCC_SYMBOLS_PRIVATE_EXTERN = NO;
				GCC_VERSION = com.apple.compilers.llvm.clang.1_0;
				GCC_WARN_64_TO_32_BIT_CONVERSION = YES;
				GCC_WARN_ABOUT_RETURN_TYPE = YES;
				GCC_WARN_UNINITIALIZED_AUTOS = YES;
				GCC_WARN_UNUSED_VARIABLE = YES;
				MACOSX_DEPLOYMENT_TARGET = 10.7;
				ONLY_ACTIVE_ARCH = YES;
				SDKROOT = macosx;
			};
			name = Debug;
		};
		C4C81D28155B938E000BAFDA /* Release */ = {
			isa = XCBuildConfiguration;
			buildSettings = {
				ALWAYS_SEARCH_USER_PATHS = NO;
				ARCHS = "$(ARCHS_STANDARD_64_BIT)";
				CLANG_ENABLE_OBJC_ARC = YES;
				COPY_PHASE_STRIP = YES;
				DEBUG_INFORMATION_FORMAT = "dwarf-with-dsym";
				GCC_C_LANGUAGE_STANDARD = gnu99;
				GCC_ENABLE_OBJC_EXCEPTIONS = YES;
				GCC_VERSION = com.apple.compilers.llvm.clang.1_0;
				GCC_WARN_64_TO_32_BIT_CONVERSION = YES;
				GCC_WARN_ABOUT_RETURN_TYPE = YES;
				GCC_WARN_UNINITIALIZED_AUTOS = YES;
				GCC_WARN_UNUSED_VARIABLE = YES;
				MACOSX_DEPLOYMENT_TARGET = 10.7;
				SDKROOT = macosx;
			};
			name = Release;
		};
		C4C81D2A155B938E000BAFDA /* Debug */ = {
			isa = XCBuildConfiguration;
			buildSettings = {
				GCC_PRECOMPILE_PREFIX_HEADER = YES;
				GCC_PREFIX_HEADER = "Debugger/Debugger-Prefix.pch";
				PRODUCT_NAME = Debugger;
			};
			name = Debug;
		};
		C4C81D2B155B938E000BAFDA /* Release */ = {
			isa = XCBuildConfiguration;
			buildSettings = {
				GCC_PRECOMPILE_PREFIX_HEADER = YES;
				GCC_PREFIX_HEADER = "Debugger/Debugger-Prefix.pch";
				PRODUCT_NAME = Debugger;
			};
			name = Release;
		};
/* End XCBuildConfiguration section */

/* Begin XCConfigurationList section */
		C4C81D14155B938E000BAFDA /* Build configuration list for PBXProject "Debugger" */ = {
			isa = XCConfigurationList;
			buildConfigurations = (
				C4C81D27155B938E000BAFDA /* Debug */,
				C4C81D28155B938E000BAFDA /* Release */,
			);
			defaultConfigurationIsVisible = 0;
			defaultConfigurationName = Release;
		};
		C4C81D29155B938E000BAFDA /* Build configuration list for PBXNativeTarget "Debugger" */ = {
			isa = XCConfigurationList;
			buildConfigurations = (
				C4C81D2A155B938E000BAFDA /* Debug */,
				C4C81D2B155B938E000BAFDA /* Release */,
			);
			defaultConfigurationIsVisible = 0;
			defaultConfigurationName = Release;
		};
/* End XCConfigurationList section */
	};
	rootObject = C4C81D11155B938E000BAFDA /* Project object */;
}
